
Microsoft Visual Studio Solution File, Format Version 12.00
# Visual Studio Version 16
VisualStudioVersion = 16.0.29519.87
MinimumVisualStudioVersion = 10.0.40219.1
Project("{2150E333-8FDC-42A3-9474-1A3956D46DE8}") = "src", "src", "{209CB943-BA69-4A1C-B954-9FB20D2ED79A}"
EndProject
Project("{2150E333-8FDC-42A3-9474-1A3956D46DE8}") = "Infrastructures", "Infrastructures", "{91E89D8C-E0C6-40DB-8E69-81EFF683F41D}"
EndProject
Project("{9A19103F-16F7-4668-BE54-9A1E7A4F7556}") = "Infrastructure", "Infrastructure\Infrastructure.csproj", "{F886303C-5283-4E63-B7C0-8E416A91230B}"
EndProject
Project("{9A19103F-16F7-4668-BE54-9A1E7A4F7556}") = "EventStore.Middleware", "EventStore.Middleware\EventStore.Middleware.csproj", "{456638F0-E32E-4677-AADE-A377D0A6CFDE}"
EndProject
Project("{9A19103F-16F7-4668-BE54-9A1E7A4F7556}") = "Domain", "Domain\Domain.csproj", "{DA303053-D5C6-49D7-86A4-9FD3068B2DC0}"
EndProject
Project("{2150E333-8FDC-42A3-9474-1A3956D46DE8}") = "MicroServices", "MicroServices", "{D99A3C2D-7BCA-4DC5-A7E8-7A439F6B678C}"
EndProject
Project("{2150E333-8FDC-42A3-9474-1A3956D46DE8}") = "Movie", "Movie", "{E6C35245-9BA5-4D8E-89FB-DC2878AF86B1}"
EndProject
Project("{9A19103F-16F7-4668-BE54-9A1E7A4F7556}") = "Movie.Entityframework.ReadStore", "Movie.Entityframework.ReadStore\Movie.Entityframework.ReadStore.csproj", "{D92A025E-005D-4C16-82C9-B5B70EEA374C}"
EndProject
Project("{9A19103F-16F7-4668-BE54-9A1E7A4F7556}") = "Movie.Service", "Movie.Service\Movie.Service.csproj", "{89D70281-6A59-4BBE-A227-71C266110A1F}"
EndProject
Project("{2150E333-8FDC-42A3-9474-1A3956D46DE8}") = "Apps", "Apps", "{5EF3DF07-0398-499C-A0FC-25C84AF191AE}"
EndProject
Project("{9A19103F-16F7-4668-BE54-9A1E7A4F7556}") = "EventStore.App", "EventStore.App\EventStore.App.csproj", "{43399793-5FA1-4948-950F-AF10FBF00837}"
EndProject
Project("{2150E333-8FDC-42A3-9474-1A3956D46DE8}") = "TicketOrder", "TicketOrder", "{8D865BA3-0C50-4F3C-B2CD-5AA7ED3C35D1}"
EndProject
Project("{2150E333-8FDC-42A3-9474-1A3956D46DE8}") = "Auth", "Auth", "{4B5F2E98-C5AF-41F1-AAE6-994C9ADE8F38}"
EndProject
Project("{FAE04EC0-301F-11D3-BF4B-00C04F79EFBC}") = "Auth.Service", "Auth.Service\Auth.Service.csproj", "{B8295C64-C141-451D-BF1E-3FDBFF029B21}"
EndProject
Project("{FAE04EC0-301F-11D3-BF4B-00C04F79EFBC}") = "TicketOrder.Service", "TicketOrder.Service\TicketOrder.Service.csproj", "{B71A9639-0656-4286-8D65-94CCF26560EB}"
EndProject
Project("{2150E333-8FDC-42A3-9474-1A3956D46DE8}") = "Gateway", "Gateway", "{E91A739C-751B-404D-A490-3D20094B4CCC}"
EndProject
Project("{FAE04EC0-301F-11D3-BF4B-00C04F79EFBC}") = "Services.Gateway", "Services.Gateway\Services.Gateway.csproj", "{9D4B5482-0515-4319-9B79-DFB40BC0FB47}"
EndProject
Project("{FAE04EC0-301F-11D3-BF4B-00C04F79EFBC}") = "Ticket.Entityframework.ReadStore", "Ticket.Entityframework.ReadStore\Ticket.Entityframework.ReadStore.csproj", "{7E776E8F-6F8B-4CCE-8864-C5CA7C11B21F}"
EndProject
Global
	GlobalSection(SolutionConfigurationPlatforms) = preSolution
		Debug|Any CPU = Debug|Any CPU
		Release|Any CPU = Release|Any CPU
	EndGlobalSection
	GlobalSection(ProjectConfigurationPlatforms) = postSolution
		{F886303C-5283-4E63-B7C0-8E416A91230B}.Debug|Any CPU.ActiveCfg = Debug|Any CPU
		{F886303C-5283-4E63-B7C0-8E416A91230B}.Debug|Any CPU.Build.0 = Debug|Any CPU
		{F886303C-5283-4E63-B7C0-8E416A91230B}.Release|Any CPU.ActiveCfg = Release|Any CPU
		{F886303C-5283-4E63-B7C0-8E416A91230B}.Release|Any CPU.Build.0 = Release|Any CPU
		{456638F0-E32E-4677-AADE-A377D0A6CFDE}.Debug|Any CPU.ActiveCfg = Debug|Any CPU
		{456638F0-E32E-4677-AADE-A377D0A6CFDE}.Debug|Any CPU.Build.0 = Debug|Any CPU
		{456638F0-E32E-4677-AADE-A377D0A6CFDE}.Release|Any CPU.ActiveCfg = Release|Any CPU
		{456638F0-E32E-4677-AADE-A377D0A6CFDE}.Release|Any CPU.Build.0 = Release|Any CPU
		{DA303053-D5C6-49D7-86A4-9FD3068B2DC0}.Debug|Any CPU.ActiveCfg = Debug|Any CPU
		{DA303053-D5C6-49D7-86A4-9FD3068B2DC0}.Debug|Any CPU.Build.0 = Debug|Any CPU
		{DA303053-D5C6-49D7-86A4-9FD3068B2DC0}.Release|Any CPU.ActiveCfg = Release|Any CPU
		{DA303053-D5C6-49D7-86A4-9FD3068B2DC0}.Release|Any CPU.Build.0 = Release|Any CPU
		{D92A025E-005D-4C16-82C9-B5B70EEA374C}.Debug|Any CPU.ActiveCfg = Debug|Any CPU
		{D92A025E-005D-4C16-82C9-B5B70EEA374C}.Debug|Any CPU.Build.0 = Debug|Any CPU
		{D92A025E-005D-4C16-82C9-B5B70EEA374C}.Release|Any CPU.ActiveCfg = Release|Any CPU
		{D92A025E-005D-4C16-82C9-B5B70EEA374C}.Release|Any CPU.Build.0 = Release|Any CPU
		{89D70281-6A59-4BBE-A227-71C266110A1F}.Debug|Any CPU.ActiveCfg = Debug|Any CPU
		{89D70281-6A59-4BBE-A227-71C266110A1F}.Debug|Any CPU.Build.0 = Debug|Any CPU
		{89D70281-6A59-4BBE-A227-71C266110A1F}.Release|Any CPU.ActiveCfg = Release|Any CPU
		{89D70281-6A59-4BBE-A227-71C266110A1F}.Release|Any CPU.Build.0 = Release|Any CPU
		{43399793-5FA1-4948-950F-AF10FBF00837}.Debug|Any CPU.ActiveCfg = Debug|Any CPU
		{43399793-5FA1-4948-950F-AF10FBF00837}.Debug|Any CPU.Build.0 = Debug|Any CPU
		{43399793-5FA1-4948-950F-AF10FBF00837}.Release|Any CPU.ActiveCfg = Release|Any CPU
		{43399793-5FA1-4948-950F-AF10FBF00837}.Release|Any CPU.Build.0 = Release|Any CPU
		{B8295C64-C141-451D-BF1E-3FDBFF029B21}.Debug|Any CPU.ActiveCfg = Debug|Any CPU
		{B8295C64-C141-451D-BF1E-3FDBFF029B21}.Debug|Any CPU.Build.0 = Debug|Any CPU
		{B8295C64-C141-451D-BF1E-3FDBFF029B21}.Release|Any CPU.ActiveCfg = Release|Any CPU
		{B8295C64-C141-451D-BF1E-3FDBFF029B21}.Release|Any CPU.Build.0 = Release|Any CPU
		{B71A9639-0656-4286-8D65-94CCF26560EB}.Debug|Any CPU.ActiveCfg = Debug|Any CPU
		{B71A9639-0656-4286-8D65-94CCF26560EB}.Debug|Any CPU.Build.0 = Debug|Any CPU
		{B71A9639-0656-4286-8D65-94CCF26560EB}.Release|Any CPU.ActiveCfg = Release|Any CPU
		{B71A9639-0656-4286-8D65-94CCF26560EB}.Release|Any CPU.Build.0 = Release|Any CPU
		{9D4B5482-0515-4319-9B79-DFB40BC0FB47}.Debug|Any CPU.ActiveCfg = Debug|Any CPU
		{9D4B5482-0515-4319-9B79-DFB40BC0FB47}.Debug|Any CPU.Build.0 = Debug|Any CPU
		{9D4B5482-0515-4319-9B79-DFB40BC0FB47}.Release|Any CPU.ActiveCfg = Release|Any CPU
		{9D4B5482-0515-4319-9B79-DFB40BC0FB47}.Release|Any CPU.Build.0 = Release|Any CPU
		{7E776E8F-6F8B-4CCE-8864-C5CA7C11B21F}.Debug|Any CPU.ActiveCfg = Debug|Any CPU
		{7E776E8F-6F8B-4CCE-8864-C5CA7C11B21F}.Debug|Any CPU.Build.0 = Debug|Any CPU
		{7E776E8F-6F8B-4CCE-8864-C5CA7C11B21F}.Release|Any CPU.ActiveCfg = Release|Any CPU
		{7E776E8F-6F8B-4CCE-8864-C5CA7C11B21F}.Release|Any CPU.Build.0 = Release|Any CPU
	EndGlobalSection
	GlobalSection(SolutionProperties) = preSolution
		HideSolutionNode = FALSE
	EndGlobalSection
	GlobalSection(NestedProjects) = preSolution
		{91E89D8C-E0C6-40DB-8E69-81EFF683F41D} = {209CB943-BA69-4A1C-B954-9FB20D2ED79A}
		{F886303C-5283-4E63-B7C0-8E416A91230B} = {91E89D8C-E0C6-40DB-8E69-81EFF683F41D}
		{456638F0-E32E-4677-AADE-A377D0A6CFDE} = {91E89D8C-E0C6-40DB-8E69-81EFF683F41D}
		{DA303053-D5C6-49D7-86A4-9FD3068B2DC0} = {209CB943-BA69-4A1C-B954-9FB20D2ED79A}
		{D99A3C2D-7BCA-4DC5-A7E8-7A439F6B678C} = {209CB943-BA69-4A1C-B954-9FB20D2ED79A}
		{E6C35245-9BA5-4D8E-89FB-DC2878AF86B1} = {D99A3C2D-7BCA-4DC5-A7E8-7A439F6B678C}
		{D92A025E-005D-4C16-82C9-B5B70EEA374C} = {E6C35245-9BA5-4D8E-89FB-DC2878AF86B1}
		{89D70281-6A59-4BBE-A227-71C266110A1F} = {E6C35245-9BA5-4D8E-89FB-DC2878AF86B1}
		{5EF3DF07-0398-499C-A0FC-25C84AF191AE} = {209CB943-BA69-4A1C-B954-9FB20D2ED79A}
		{43399793-5FA1-4948-950F-AF10FBF00837} = {5EF3DF07-0398-499C-A0FC-25C84AF191AE}
		{8D865BA3-0C50-4F3C-B2CD-5AA7ED3C35D1} = {D99A3C2D-7BCA-4DC5-A7E8-7A439F6B678C}
		{4B5F2E98-C5AF-41F1-AAE6-994C9ADE8F38} = {D99A3C2D-7BCA-4DC5-A7E8-7A439F6B678C}
		{B8295C64-C141-451D-BF1E-3FDBFF029B21} = {4B5F2E98-C5AF-41F1-AAE6-994C9ADE8F38}
		{B71A9639-0656-4286-8D65-94CCF26560EB} = {8D865BA3-0C50-4F3C-B2CD-5AA7ED3C35D1}
		{E91A739C-751B-404D-A490-3D20094B4CCC} = {209CB943-BA69-4A1C-B954-9FB20D2ED79A}
		{9D4B5482-0515-4319-9B79-DFB40BC0FB47} = {E91A739C-751B-404D-A490-3D20094B4CCC}
		{7E776E8F-6F8B-4CCE-8864-C5CA7C11B21F} = {8D865BA3-0C50-4F3C-B2CD-5AA7ED3C35D1}
	EndGlobalSection
	GlobalSection(ExtensibilityGlobals) = postSolution
		SolutionGuid = {15EC9A9B-AB55-4F41-B3A1-A5751DCC54CF}
	EndGlobalSection
EndGlobal
