
Microsoft Visual Studio Solution File, Format Version 12.00
Project("{2150E333-8FDC-42A3-9474-1A3956D46DE8}") = "src", "src", "{209CB943-BA69-4A1C-B954-9FB20D2ED79A}"
EndProject
Project("{2150E333-8FDC-42A3-9474-1A3956D46DE8}") = "Infrastructures", "Infrastructures", "{91E89D8C-E0C6-40DB-8E69-81EFF683F41D}"
EndProject
Project("{FAE04EC0-301F-11D3-BF4B-00C04F79EFBC}") = "Infrastructure", "Infrastructure\Infrastructure.csproj", "{F886303C-5283-4E63-B7C0-8E416A91230B}"
EndProject
Project("{FAE04EC0-301F-11D3-BF4B-00C04F79EFBC}") = "EventStore.Middleware", "EventStore.Middleware\EventStore.Middleware.csproj", "{456638F0-E32E-4677-AADE-A377D0A6CFDE}"
EndProject
Project("{FAE04EC0-301F-11D3-BF4B-00C04F79EFBC}") = "Domain", "Domain\Domain.csproj", "{DA303053-D5C6-49D7-86A4-9FD3068B2DC0}"
EndProject
Project("{2150E333-8FDC-42A3-9474-1A3956D46DE8}") = "MicroServices", "MicroServices", "{D99A3C2D-7BCA-4DC5-A7E8-7A439F6B678C}"
EndProject
Project("{2150E333-8FDC-42A3-9474-1A3956D46DE8}") = "Movie", "Movie", "{E6C35245-9BA5-4D8E-89FB-DC2878AF86B1}"
EndProject
Project("{FAE04EC0-301F-11D3-BF4B-00C04F79EFBC}") = "Movie.Entityframework.ReadStore", "Movie.Entityframework.ReadStore\Movie.Entityframework.ReadStore.csproj", "{D92A025E-005D-4C16-82C9-B5B70EEA374C}"
EndProject
Global
	GlobalSection(SolutionConfigurationPlatforms) = preSolution
		Debug|Any CPU = Debug|Any CPU
		Release|Any CPU = Release|Any CPU
	EndGlobalSection
	GlobalSection(NestedProjects) = preSolution
		{91E89D8C-E0C6-40DB-8E69-81EFF683F41D} = {209CB943-BA69-4A1C-B954-9FB20D2ED79A}
		{F886303C-5283-4E63-B7C0-8E416A91230B} = {91E89D8C-E0C6-40DB-8E69-81EFF683F41D}
		{456638F0-E32E-4677-AADE-A377D0A6CFDE} = {91E89D8C-E0C6-40DB-8E69-81EFF683F41D}
		{DA303053-D5C6-49D7-86A4-9FD3068B2DC0} = {209CB943-BA69-4A1C-B954-9FB20D2ED79A}
		{D99A3C2D-7BCA-4DC5-A7E8-7A439F6B678C} = {209CB943-BA69-4A1C-B954-9FB20D2ED79A}
		{E6C35245-9BA5-4D8E-89FB-DC2878AF86B1} = {D99A3C2D-7BCA-4DC5-A7E8-7A439F6B678C}
		{D92A025E-005D-4C16-82C9-B5B70EEA374C} = {E6C35245-9BA5-4D8E-89FB-DC2878AF86B1}
	EndGlobalSection
	GlobalSection(ProjectConfigurationPlatforms) = postSolution
		{F886303C-5283-4E63-B7C0-8E416A91230B}.Debug|Any CPU.ActiveCfg = Debug|Any CPU
		{F886303C-5283-4E63-B7C0-8E416A91230B}.Debug|Any CPU.Build.0 = Debug|Any CPU
		{F886303C-5283-4E63-B7C0-8E416A91230B}.Release|Any CPU.ActiveCfg = Release|Any CPU
		{F886303C-5283-4E63-B7C0-8E416A91230B}.Release|Any CPU.Build.0 = Release|Any CPU
		{456638F0-E32E-4677-AADE-A377D0A6CFDE}.Debug|Any CPU.ActiveCfg = Debug|Any CPU
		{456638F0-E32E-4677-AADE-A377D0A6CFDE}.Debug|Any CPU.Build.0 = Debug|Any CPU
		{456638F0-E32E-4677-AADE-A377D0A6CFDE}.Release|Any CPU.ActiveCfg = Release|Any CPU
		{456638F0-E32E-4677-AADE-A377D0A6CFDE}.Release|Any CPU.Build.0 = Release|Any CPU
		{DA303053-D5C6-49D7-86A4-9FD3068B2DC0}.Debug|Any CPU.ActiveCfg = Debug|Any CPU
		{DA303053-D5C6-49D7-86A4-9FD3068B2DC0}.Debug|Any CPU.Build.0 = Debug|Any CPU
		{DA303053-D5C6-49D7-86A4-9FD3068B2DC0}.Release|Any CPU.ActiveCfg = Release|Any CPU
		{DA303053-D5C6-49D7-86A4-9FD3068B2DC0}.Release|Any CPU.Build.0 = Release|Any CPU
		{D92A025E-005D-4C16-82C9-B5B70EEA374C}.Debug|Any CPU.ActiveCfg = Debug|Any CPU
		{D92A025E-005D-4C16-82C9-B5B70EEA374C}.Debug|Any CPU.Build.0 = Debug|Any CPU
		{D92A025E-005D-4C16-82C9-B5B70EEA374C}.Release|Any CPU.ActiveCfg = Release|Any CPU
		{D92A025E-005D-4C16-82C9-B5B70EEA374C}.Release|Any CPU.Build.0 = Release|Any CPU
	EndGlobalSection
EndGlobal
